// !$*UTF8*$!
{
	archiveVersion = 1;
	classes = {
	};
	objectVersion = 48;
	objects = {

/* Begin PBXBuildFile section */
		3DEAB79C1FCECB57000E7D60 /* AppDelegate.swift in Sources */ = {isa = PBXBuildFile; fileRef = 3DEAB79B1FCECB57000E7D60 /* AppDelegate.swift */; };
		3DEAB79E1FCECB57000E7D60 /* ViewController.swift in Sources */ = {isa = PBXBuildFile; fileRef = 3DEAB79D1FCECB57000E7D60 /* ViewController.swift */; };
		3DEAB7A11FCECB57000E7D60 /* Main.storyboard in Resources */ = {isa = PBXBuildFile; fileRef = 3DEAB79F1FCECB57000E7D60 /* Main.storyboard */; };
		3DEAB7A31FCECB57000E7D60 /* Assets.xcassets in Resources */ = {isa = PBXBuildFile; fileRef = 3DEAB7A21FCECB57000E7D60 /* Assets.xcassets */; };
		3DEAB7A61FCECB57000E7D60 /* LaunchScreen.storyboard in Resources */ = {isa = PBXBuildFile; fileRef = 3DEAB7A41FCECB57000E7D60 /* LaunchScreen.storyboard */; };
		3DEAB7B11FCECB57000E7D60 /* WebViewTestAppTests.swift in Sources */ = {isa = PBXBuildFile; fileRef = 3DEAB7B01FCECB57000E7D60 /* WebViewTestAppTests.swift */; };
		3DEAB7BC1FCECB57000E7D60 /* WebViewTestAppUITests.swift in Sources */ = {isa = PBXBuildFile; fileRef = 3DEAB7BB1FCECB57000E7D60 /* WebViewTestAppUITests.swift */; };
/* End PBXBuildFile section */

/* Begin PBXContainerItemProxy section */
		3DEAB7AD1FCECB57000E7D60 /* PBXContainerItemProxy */ = {
			isa = PBXContainerItemProxy;
			containerPortal = 3DEAB7901FCECB56000E7D60 /* Project object */;
			proxyType = 1;
			remoteGlobalIDString = 3DEAB7971FCECB57000E7D60;
			remoteInfo = WebViewTestApp;
		};
		3DEAB7B81FCECB57000E7D60 /* PBXContainerItemProxy */ = {
			isa = PBXContainerItemProxy;
			containerPortal = 3DEAB7901FCECB56000E7D60 /* Project object */;
			proxyType = 1;
			remoteGlobalIDString = 3DEAB7971FCECB57000E7D60;
			remoteInfo = WebViewTestApp;
		};
/* End PBXContainerItemProxy section */

/* Begin PBXFileReference section */
		3DEAB7981FCECB57000E7D60 /* WebViewTestApp.app */ = {isa = PBXFileReference; explicitFileType = wrapper.application; includeInIndex = 0; path = WebViewTestApp.app; sourceTree = BUILT_PRODUCTS_DIR; };
		3DEAB79B1FCECB57000E7D60 /* AppDelegate.swift */ = {isa = PBXFileReference; lastKnownFileType = sourcecode.swift; path = AppDelegate.swift; sourceTree = "<group>"; };
		3DEAB79D1FCECB57000E7D60 /* ViewController.swift */ = {isa = PBXFileReference; lastKnownFileType = sourcecode.swift; path = ViewController.swift; sourceTree = "<group>"; };
		3DEAB7A01FCECB57000E7D60 /* Base */ = {isa = PBXFileReference; lastKnownFileType = file.storyboard; name = Base; path = Base.lproj/Main.storyboard; sourceTree = "<group>"; };
		3DEAB7A21FCECB57000E7D60 /* Assets.xcassets */ = {isa = PBXFileReference; lastKnownFileType = folder.assetcatalog; path = Assets.xcassets; sourceTree = "<group>"; };
		3DEAB7A51FCECB57000E7D60 /* Base */ = {isa = PBXFileReference; lastKnownFileType = file.storyboard; name = Base; path = Base.lproj/LaunchScreen.storyboard; sourceTree = "<group>"; };
		3DEAB7A71FCECB57000E7D60 /* Info.plist */ = {isa = PBXFileReference; lastKnownFileType = text.plist.xml; path = Info.plist; sourceTree = "<group>"; };
		3DEAB7AC1FCECB57000E7D60 /* WebViewTestAppTests.xctest */ = {isa = PBXFileReference; explicitFileType = wrapper.cfbundle; includeInIndex = 0; path = WebViewTestAppTests.xctest; sourceTree = BUILT_PRODUCTS_DIR; };
		3DEAB7B01FCECB57000E7D60 /* WebViewTestAppTests.swift */ = {isa = PBXFileReference; lastKnownFileType = sourcecode.swift; path = WebViewTestAppTests.swift; sourceTree = "<group>"; };
		3DEAB7B21FCECB57000E7D60 /* Info.plist */ = {isa = PBXFileReference; lastKnownFileType = text.plist.xml; path = Info.plist; sourceTree = "<group>"; };
		3DEAB7B71FCECB57000E7D60 /* WebViewTestAppUITests.xctest */ = {isa = PBXFileReference; explicitFileType = wrapper.cfbundle; includeInIndex = 0; path = WebViewTestAppUITests.xctest; sourceTree = BUILT_PRODUCTS_DIR; };
		3DEAB7BB1FCECB57000E7D60 /* WebViewTestAppUITests.swift */ = {isa = PBXFileReference; lastKnownFileType = sourcecode.swift; path = WebViewTestAppUITests.swift; sourceTree = "<group>"; };
		3DEAB7BD1FCECB57000E7D60 /* Info.plist */ = {isa = PBXFileReference; lastKnownFileType = text.plist.xml; path = Info.plist; sourceTree = "<group>"; };
/* End PBXFileReference section */

/* Begin PBXFrameworksBuildPhase section */
		3DEAB7951FCECB57000E7D60 /* Frameworks */ = {
			isa = PBXFrameworksBuildPhase;
			buildActionMask = 2147483647;
			files = (
			);
			runOnlyForDeploymentPostprocessing = 0;
		};
		3DEAB7A91FCECB57000E7D60 /* Frameworks */ = {
			isa = PBXFrameworksBuildPhase;
			buildActionMask = 2147483647;
			files = (
			);
			runOnlyForDeploymentPostprocessing = 0;
		};
		3DEAB7B41FCECB57000E7D60 /* Frameworks */ = {
			isa = PBXFrameworksBuildPhase;
			buildActionMask = 2147483647;
			files = (
			);
			runOnlyForDeploymentPostprocessing = 0;
		};
/* End PBXFrameworksBuildPhase section */

/* Begin PBXGroup section */
		3DEAB78F1FCECB56000E7D60 = {
			isa = PBXGroup;
			children = (
				3DEAB79A1FCECB57000E7D60 /* WebViewTestApp */,
				3DEAB7AF1FCECB57000E7D60 /* WebViewTestAppTests */,
				3DEAB7BA1FCECB57000E7D60 /* WebViewTestAppUITests */,
				3DEAB7991FCECB57000E7D60 /* Products */,
			);
			sourceTree = "<group>";
		};
		3DEAB7991FCECB57000E7D60 /* Products */ = {
			isa = PBXGroup;
			children = (
				3DEAB7981FCECB57000E7D60 /* WebViewTestApp.app */,
				3DEAB7AC1FCECB57000E7D60 /* WebViewTestAppTests.xctest */,
				3DEAB7B71FCECB57000E7D60 /* WebViewTestAppUITests.xctest */,
			);
			name = Products;
			sourceTree = "<group>";
		};
		3DEAB79A1FCECB57000E7D60 /* WebViewTestApp */ = {
			isa = PBXGroup;
			children = (
				3DEAB79B1FCECB57000E7D60 /* AppDelegate.swift */,
				3DEAB79D1FCECB57000E7D60 /* ViewController.swift */,
				3DEAB79F1FCECB57000E7D60 /* Main.storyboard */,
				3DEAB7A21FCECB57000E7D60 /* Assets.xcassets */,
				3DEAB7A41FCECB57000E7D60 /* LaunchScreen.storyboard */,
				3DEAB7A71FCECB57000E7D60 /* Info.plist */,
			);
			path = WebViewTestApp;
			sourceTree = "<group>";
		};
		3DEAB7AF1FCECB57000E7D60 /* WebViewTestAppTests */ = {
			isa = PBXGroup;
			children = (
				3DEAB7B01FCECB57000E7D60 /* WebViewTestAppTests.swift */,
				3DEAB7B21FCECB57000E7D60 /* Info.plist */,
			);
			path = WebViewTestAppTests;
			sourceTree = "<group>";
		};
		3DEAB7BA1FCECB57000E7D60 /* WebViewTestAppUITests */ = {
			isa = PBXGroup;
			children = (
				3DEAB7BB1FCECB57000E7D60 /* WebViewTestAppUITests.swift */,
				3DEAB7BD1FCECB57000E7D60 /* Info.plist */,
			);
			path = WebViewTestAppUITests;
			sourceTree = "<group>";
		};
/* End PBXGroup section */

/* Begin PBXNativeTarget section */
		3DEAB7971FCECB57000E7D60 /* WebViewTestApp */ = {
			isa = PBXNativeTarget;
			buildConfigurationList = 3DEAB7C01FCECB57000E7D60 /* Build configuration list for PBXNativeTarget "WebViewTestApp" */;
			buildPhases = (
				3DEAB7941FCECB57000E7D60 /* Sources */,
				3DEAB7951FCECB57000E7D60 /* Frameworks */,
				3DEAB7961FCECB57000E7D60 /* Resources */,
			);
			buildRules = (
			);
			dependencies = (
			);
			name = WebViewTestApp;
			productName = WebViewTestApp;
			productReference = 3DEAB7981FCECB57000E7D60 /* WebViewTestApp.app */;
			productType = "com.apple.product-type.application";
		};
		3DEAB7AB1FCECB57000E7D60 /* WebViewTestAppTests */ = {
			isa = PBXNativeTarget;
			buildConfigurationList = 3DEAB7C31FCECB57000E7D60 /* Build configuration list for PBXNativeTarget "WebViewTestAppTests" */;
			buildPhases = (
				3DEAB7A81FCECB57000E7D60 /* Sources */,
				3DEAB7A91FCECB57000E7D60 /* Frameworks */,
				3DEAB7AA1FCECB57000E7D60 /* Resources */,
			);
			buildRules = (
			);
			dependencies = (
				3DEAB7AE1FCECB57000E7D60 /* PBXTargetDependency */,
			);
			name = WebViewTestAppTests;
			productName = WebViewTestAppTests;
			productReference = 3DEAB7AC1FCECB57000E7D60 /* WebViewTestAppTests.xctest */;
			productType = "com.apple.product-type.bundle.unit-test";
		};
		3DEAB7B61FCECB57000E7D60 /* WebViewTestAppUITests */ = {
			isa = PBXNativeTarget;
			buildConfigurationList = 3DEAB7C61FCECB57000E7D60 /* Build configuration list for PBXNativeTarget "WebViewTestAppUITests" */;
			buildPhases = (
				3DEAB7B31FCECB57000E7D60 /* Sources */,
				3DEAB7B41FCECB57000E7D60 /* Frameworks */,
				3DEAB7B51FCECB57000E7D60 /* Resources */,
			);
			buildRules = (
			);
			dependencies = (
				3DEAB7B91FCECB57000E7D60 /* PBXTargetDependency */,
			);
			name = WebViewTestAppUITests;
			productName = WebViewTestAppUITests;
			productReference = 3DEAB7B71FCECB57000E7D60 /* WebViewTestAppUITests.xctest */;
			productType = "com.apple.product-type.bundle.ui-testing";
		};
/* End PBXNativeTarget section */

/* Begin PBXProject section */
		3DEAB7901FCECB56000E7D60 /* Project object */ = {
			isa = PBXProject;
			attributes = {
				LastSwiftUpdateCheck = 0910;
				LastUpgradeCheck = 0910;
				ORGANIZATIONNAME = pranil;
				TargetAttributes = {
					3DEAB7971FCECB57000E7D60 = {
						CreatedOnToolsVersion = 9.1;
						ProvisioningStyle = Automatic;
					};
					3DEAB7AB1FCECB57000E7D60 = {
						CreatedOnToolsVersion = 9.1;
						ProvisioningStyle = Automatic;
						TestTargetID = 3DEAB7971FCECB57000E7D60;
					};
					3DEAB7B61FCECB57000E7D60 = {
						CreatedOnToolsVersion = 9.1;
						ProvisioningStyle = Automatic;
						TestTargetID = 3DEAB7971FCECB57000E7D60;
					};
				};
			};
			buildConfigurationList = 3DEAB7931FCECB56000E7D60 /* Build configuration list for PBXProject "WebViewTestApp" */;
			compatibilityVersion = "Xcode 8.0";
			developmentRegion = en;
			hasScannedForEncodings = 0;
			knownRegions = (
				en,
				Base,
			);
			mainGroup = 3DEAB78F1FCECB56000E7D60;
			productRefGroup = 3DEAB7991FCECB57000E7D60 /* Products */;
			projectDirPath = "";
			projectRoot = "";
			targets = (
				3DEAB7971FCECB57000E7D60 /* WebViewTestApp */,
				3DEAB7AB1FCECB57000E7D60 /* WebViewTestAppTests */,
				3DEAB7B61FCECB57000E7D60 /* WebViewTestAppUITests */,
			);
		};
/* End PBXProject section */

/* Begin PBXResourcesBuildPhase section */
		3DEAB7961FCECB57000E7D60 /* Resources */ = {
			isa = PBXResourcesBuildPhase;
			buildActionMask = 2147483647;
			files = (
				3DEAB7A61FCECB57000E7D60 /* LaunchScreen.storyboard in Resources */,
				3DEAB7A31FCECB57000E7D60 /* Assets.xcassets in Resources */,
				3DEAB7A11FCECB57000E7D60 /* Main.storyboard in Resources */,
			);
			runOnlyForDeploymentPostprocessing = 0;
		};
		3DEAB7AA1FCECB57000E7D60 /* Resources */ = {
			isa = PBXResourcesBuildPhase;
			buildActionMask = 2147483647;
			files = (
			);
			runOnlyForDeploymentPostprocessing = 0;
		};
		3DEAB7B51FCECB57000E7D60 /* Resources */ = {
			isa = PBXResourcesBuildPhase;
			buildActionMask = 2147483647;
			files = (
			);
			runOnlyForDeploymentPostprocessing = 0;
		};
/* End PBXResourcesBuildPhase section */

/* Begin PBXSourcesBuildPhase section */
		3DEAB7941FCECB57000E7D60 /* Sources */ = {
			isa = PBXSourcesBuildPhase;
			buildActionMask = 2147483647;
			files = (
				3DEAB79E1FCECB57000E7D60 /* ViewController.swift in Sources */,
				3DEAB79C1FCECB57000E7D60 /* AppDelegate.swift in Sources */,
			);
			runOnlyForDeploymentPostprocessing = 0;
		};
		3DEAB7A81FCECB57000E7D60 /* Sources */ = {
			isa = PBXSourcesBuildPhase;
			buildActionMask = 2147483647;
			files = (
				3DEAB7B11FCECB57000E7D60 /* WebViewTestAppTests.swift in Sources */,
			);
			runOnlyForDeploymentPostprocessing = 0;
		};
		3DEAB7B31FCECB57000E7D60 /* Sources */ = {
			isa = PBXSourcesBuildPhase;
			buildActionMask = 2147483647;
			files = (
				3DEAB7BC1FCECB57000E7D60 /* WebViewTestAppUITests.swift in Sources */,
			);
			runOnlyForDeploymentPostprocessing = 0;
		};
/* End PBXSourcesBuildPhase section */

/* Begin PBXTargetDependency section */
		3DEAB7AE1FCECB57000E7D60 /* PBXTargetDependency */ = {
			isa = PBXTargetDependency;
			target = 3DEAB7971FCECB57000E7D60 /* WebViewTestApp */;
			targetProxy = 3DEAB7AD1FCECB57000E7D60 /* PBXContainerItemProxy */;
		};
		3DEAB7B91FCECB57000E7D60 /* PBXTargetDependency */ = {
			isa = PBXTargetDependency;
			target = 3DEAB7971FCECB57000E7D60 /* WebViewTestApp */;
			targetProxy = 3DEAB7B81FCECB57000E7D60 /* PBXContainerItemProxy */;
		};
/* End PBXTargetDependency section */

/* Begin PBXVariantGroup section */
		3DEAB79F1FCECB57000E7D60 /* Main.storyboard */ = {
			isa = PBXVariantGroup;
			children = (
				3DEAB7A01FCECB57000E7D60 /* Base */,
			);
			name = Main.storyboard;
			sourceTree = "<group>";
		};
		3DEAB7A41FCECB57000E7D60 /* LaunchScreen.storyboard */ = {
			isa = PBXVariantGroup;
			children = (
				3DEAB7A51FCECB57000E7D60 /* Base */,
			);
			name = LaunchScreen.storyboard;
			sourceTree = "<group>";
		};
/* End PBXVariantGroup section */

/* Begin XCBuildConfiguration section */
		3DEAB7BE1FCECB57000E7D60 /* Debug */ = {
			isa = XCBuildConfiguration;
			buildSettings = {
				ALWAYS_SEARCH_USER_PATHS = NO;
				CLANG_ANALYZER_NONNULL = YES;
				CLANG_ANALYZER_NUMBER_OBJECT_CONVERSION = YES_AGGRESSIVE;
				CLANG_CXX_LANGUAGE_STANDARD = "gnu++14";
				CLANG_CXX_LIBRARY = "libc++";
				CLANG_ENABLE_MODULES = YES;
				CLANG_ENABLE_OBJC_ARC = YES;
				CLANG_WARN_BLOCK_CAPTURE_AUTORELEASING = YES;
				CLANG_WARN_BOOL_CONVERSION = YES;
				CLANG_WARN_COMMA = YES;
				CLANG_WARN_CONSTANT_CONVERSION = YES;
				CLANG_WARN_DIRECT_OBJC_ISA_USAGE = YES_ERROR;
				CLANG_WARN_DOCUMENTATION_COMMENTS = YES;
				CLANG_WARN_EMPTY_BODY = YES;
				CLANG_WARN_ENUM_CONVERSION = YES;
				CLANG_WARN_INFINITE_RECURSION = YES;
				CLANG_WARN_INT_CONVERSION = YES;
				CLANG_WARN_NON_LITERAL_NULL_CONVERSION = YES;
				CLANG_WARN_OBJC_LITERAL_CONVERSION = YES;
				CLANG_WARN_OBJC_ROOT_CLASS = YES_ERROR;
				CLANG_WARN_RANGE_LOOP_ANALYSIS = YES;
				CLANG_WARN_STRICT_PROTOTYPES = YES;
				CLANG_WARN_SUSPICIOUS_MOVE = YES;
				CLANG_WARN_UNGUARDED_AVAILABILITY = YES_AGGRESSIVE;
				CLANG_WARN_UNREACHABLE_CODE = YES;
				CLANG_WARN__DUPLICATE_METHOD_MATCH = YES;
				CODE_SIGN_IDENTITY = "iPhone Developer";
				COPY_PHASE_STRIP = NO;
				DEBUG_INFORMATION_FORMAT = dwarf;
				ENABLE_STRICT_OBJC_MSGSEND = YES;
				ENABLE_TESTABILITY = YES;
				GCC_C_LANGUAGE_STANDARD = gnu11;
				GCC_DYNAMIC_NO_PIC = NO;
				GCC_NO_COMMON_BLOCKS = YES;
				GCC_OPTIMIZATION_LEVEL = 0;
				GCC_PREPROCESSOR_DEFINITIONS = (
					"DEBUG=1",
					"$(inherited)",
				);
				GCC_WARN_64_TO_32_BIT_CONVERSION = YES;
				GCC_WARN_ABOUT_RETURN_TYPE = YES_ERROR;
				GCC_WARN_UNDECLARED_SELECTOR = YES;
				GCC_WARN_UNINITIALIZED_AUTOS = YES_AGGRESSIVE;
				GCC_WARN_UNUSED_FUNCTION = YES;
				GCC_WARN_UNUSED_VARIABLE = YES;
				IPHONEOS_DEPLOYMENT_TARGET = 11.1;
				MTL_ENABLE_DEBUG_INFO = YES;
				ONLY_ACTIVE_ARCH = YES;
				SDKROOT = iphoneos;
				SWIFT_ACTIVE_COMPILATION_CONDITIONS = DEBUG;
				SWIFT_OPTIMIZATION_LEVEL = "-Onone";
			};
			name = Debug;
		};
		3DEAB7BF1FCECB57000E7D60 /* Release */ = {
			isa = XCBuildConfiguration;
			buildSettings = {
				ALWAYS_SEARCH_USER_PATHS = NO;
				CLANG_ANALYZER_NONNULL = YES;
				CLANG_ANALYZER_NUMBER_OBJECT_CONVERSION = YES_AGGRESSIVE;
				CLANG_CXX_LANGUAGE_STANDARD = "gnu++14";
				CLANG_CXX_LIBRARY = "libc++";
				CLANG_ENABLE_MODULES = YES;
				CLANG_ENABLE_OBJC_ARC = YES;
				CLANG_WARN_BLOCK_CAPTURE_AUTORELEASING = YES;
				CLANG_WARN_BOOL_CONVERSION = YES;
				CLANG_WARN_COMMA = YES;
				CLANG_WARN_CONSTANT_CONVERSION = YES;
				CLANG_WARN_DIRECT_OBJC_ISA_USAGE = YES_ERROR;
				CLANG_WARN_DOCUMENTATION_COMMENTS = YES;
				CLANG_WARN_EMPTY_BODY = YES;
				CLANG_WARN_ENUM_CONVERSION = YES;
				CLANG_WARN_INFINITE_RECURSION = YES;
				CLANG_WARN_INT_CONVERSION = YES;
				CLANG_WARN_NON_LITERAL_NULL_CONVERSION = YES;
				CLANG_WARN_OBJC_LITERAL_CONVERSION = YES;
				CLANG_WARN_OBJC_ROOT_CLASS = YES_ERROR;
				CLANG_WARN_RANGE_LOOP_ANALYSIS = YES;
				CLANG_WARN_STRICT_PROTOTYPES = YES;
				CLANG_WARN_SUSPICIOUS_MOVE = YES;
				CLANG_WARN_UNGUARDED_AVAILABILITY = YES_AGGRESSIVE;
				CLANG_WARN_UNREACHABLE_CODE = YES;
				CLANG_WARN__DUPLICATE_METHOD_MATCH = YES;
				CODE_SIGN_IDENTITY = "iPhone Developer";
				COPY_PHASE_STRIP = NO;
				DEBUG_INFORMATION_FORMAT = "dwarf-with-dsym";
				ENABLE_NS_ASSERTIONS = NO;
				ENABLE_STRICT_OBJC_MSGSEND = YES;
				GCC_C_LANGUAGE_STANDARD = gnu11;
				GCC_NO_COMMON_BLOCKS = YES;
				GCC_WARN_64_TO_32_BIT_CONVERSION = YES;
				GCC_WARN_ABOUT_RETURN_TYPE = YES_ERROR;
				GCC_WARN_UNDECLARED_SELECTOR = YES;
				GCC_WARN_UNINITIALIZED_AUTOS = YES_AGGRESSIVE;
				GCC_WARN_UNUSED_FUNCTION = YES;
				GCC_WARN_UNUSED_VARIABLE = YES;
				IPHONEOS_DEPLOYMENT_TARGET = 11.1;
				MTL_ENABLE_DEBUG_INFO = NO;
				SDKROOT = iphoneos;
				SWIFT_OPTIMIZATION_LEVEL = "-Owholemodule";
				VALIDATE_PRODUCT = YES;
			};
			name = Release;
		};
		3DEAB7C11FCECB57000E7D60 /* Debug */ = {
			isa = XCBuildConfiguration;
			buildSettings = {
				ASSETCATALOG_COMPILER_APPICON_NAME = AppIcon;
				CODE_SIGN_STYLE = Automatic;
				DEVELOPMENT_TEAM = KUVNCCM2T8;
				INFOPLIST_FILE = WebViewTestApp/Info.plist;
				LD_RUNPATH_SEARCH_PATHS = "$(inherited) @executable_path/Frameworks";
				PRODUCT_BUNDLE_IDENTIFIER = "i-pran.WebViewTestApp";
				PRODUCT_NAME = "$(TARGET_NAME)";
				SWIFT_VERSION = 4.0;
				TARGETED_DEVICE_FAMILY = "1,2";
			};
			name = Debug;
		};
		3DEAB7C21FCECB57000E7D60 /* Release */ = {
			isa = XCBuildConfiguration;
			buildSettings = {
				ASSETCATALOG_COMPILER_APPICON_NAME = AppIcon;
				CODE_SIGN_STYLE = Automatic;
				DEVELOPMENT_TEAM = KUVNCCM2T8;
				INFOPLIST_FILE = WebViewTestApp/Info.plist;
				LD_RUNPATH_SEARCH_PATHS = "$(inherited) @executable_path/Frameworks";
				PRODUCT_BUNDLE_IDENTIFIER = "i-pran.WebViewTestApp";
				PRODUCT_NAME = "$(TARGET_NAME)";
				SWIFT_VERSION = 4.0;
				TARGETED_DEVICE_FAMILY = "1,2";
			};
			name = Release;
		};
		3DEAB7C41FCECB57000E7D60 /* Debug */ = {
			isa = XCBuildConfiguration;
			buildSettings = {
				ALWAYS_EMBED_SWIFT_STANDARD_LIBRARIES = YES;
				BUNDLE_LOADER = "$(TEST_HOST)";
				CODE_SIGN_STYLE = Automatic;
				DEVELOPMENT_TEAM = KUVNCCM2T8;
				INFOPLIST_FILE = WebViewTestAppTests/Info.plist;
				LD_RUNPATH_SEARCH_PATHS = "$(inherited) @executable_path/Frameworks @loader_path/Frameworks";
				PRODUCT_BUNDLE_IDENTIFIER = "i-pran.WebViewTestAppTests";
				PRODUCT_NAME = "$(TARGET_NAME)";
				SWIFT_VERSION = 4.0;
				TARGETED_DEVICE_FAMILY = "1,2";
				TEST_HOST = "$(BUILT_PRODUCTS_DIR)/WebViewTestApp.app/WebViewTestApp";
			};
			name = Debug;
		};
		3DEAB7C51FCECB57000E7D60 /* Release */ = {
			isa = XCBuildConfiguration;
			buildSettings = {
				ALWAYS_EMBED_SWIFT_STANDARD_LIBRARIES = YES;
				BUNDLE_LOADER = "$(TEST_HOST)";
				CODE_SIGN_STYLE = Automatic;
				DEVELOPMENT_TEAM = KUVNCCM2T8;
				INFOPLIST_FILE = WebViewTestAppTests/Info.plist;
				LD_RUNPATH_SEARCH_PATHS = "$(inherited) @executable_path/Frameworks @loader_path/Frameworks";
				PRODUCT_BUNDLE_IDENTIFIER = "i-pran.WebViewTestAppTests";
				PRODUCT_NAME = "$(TARGET_NAME)";
				SWIFT_VERSION = 4.0;
				TARGETED_DEVICE_FAMILY = "1,2";
				TEST_HOST = "$(BUILT_PRODUCTS_DIR)/WebViewTestApp.app/WebViewTestApp";
			};
			name = Release;
		};
		3DEAB7C71FCECB57000E7D60 /* Debug */ = {
			isa = XCBuildConfiguration;
			buildSettings = {
				ALWAYS_EMBED_SWIFT_STANDARD_LIBRARIES = YES;
				CODE_SIGN_STYLE = Automatic;
				DEVELOPMENT_TEAM = KUVNCCM2T8;
				INFOPLIST_FILE = WebViewTestAppUITests/Info.plist;
				LD_RUNPATH_SEARCH_PATHS = "$(inherited) @executable_path/Frameworks @loader_path/Frameworks";
				PRODUCT_BUNDLE_IDENTIFIER = "i-pran.WebViewTestAppUITests";
				PRODUCT_NAME = "$(TARGET_NAME)";
				SWIFT_VERSION = 4.0;
				TARGETED_DEVICE_FAMILY = "1,2";
				TEST_TARGET_NAME = WebViewTestApp;
			};
			name = Debug;
		};
		3DEAB7C81FCECB57000E7D60 /* Release */ = {
			isa = XCBuildConfiguration;
			buildSettings = {
				ALWAYS_EMBED_SWIFT_STANDARD_LIBRARIES = YES;
				CODE_SIGN_STYLE = Automatic;
				DEVELOPMENT_TEAM = KUVNCCM2T8;
				INFOPLIST_FILE = WebViewTestAppUITests/Info.plist;
				LD_RUNPATH_SEARCH_PATHS = "$(inherited) @executable_path/Frameworks @loader_path/Frameworks";
				PRODUCT_BUNDLE_IDENTIFIER = "i-pran.WebViewTestAppUITests";
				PRODUCT_NAME = "$(TARGET_NAME)";
				SWIFT_VERSION = 4.0;
				TARGETED_DEVICE_FAMILY = "1,2";
				TEST_TARGET_NAME = WebViewTestApp;
			};
			name = Release;
		};
/* End XCBuildConfiguration section */

/* Begin XCConfigurationList section */
		3DEAB7931FCECB56000E7D60 /* Build configuration list for PBXProject "WebViewTestApp" */ = {
			isa = XCConfigurationList;
			buildConfigurations = (
				3DEAB7BE1FCECB57000E7D60 /* Debug */,
				3DEAB7BF1FCECB57000E7D60 /* Release */,
			);
			defaultConfigurationIsVisible = 0;
			defaultConfigurationName = Release;
		};
		3DEAB7C01FCECB57000E7D60 /* Build configuration list for PBXNativeTarget "WebViewTestApp" */ = {
			isa = XCConfigurationList;
			buildConfigurations = (
				3DEAB7C11FCECB57000E7D60 /* Debug */,
				3DEAB7C21FCECB57000E7D60 /* Release */,
			);
			defaultConfigurationIsVisible = 0;
			defaultConfigurationName = Release;
		};
		3DEAB7C31FCECB57000E7D60 /* Build configuration list for PBXNativeTarget "WebViewTestAppTests" */ = {
			isa = XCConfigurationList;
			buildConfigurations = (
				3DEAB7C41FCECB57000E7D60 /* Debug */,
				3DEAB7C51FCECB57000E7D60 /* Release */,
			);
			defaultConfigurationIsVisible = 0;
			defaultConfigurationName = Release;
		};
		3DEAB7C61FCECB57000E7D60 /* Build configuration list for PBXNativeTarget "WebViewTestAppUITests" */ = {
			isa = XCConfigurationList;
			buildConfigurations = (
				3DEAB7C71FCECB57000E7D60 /* Debug */,
				3DEAB7C81FCECB57000E7D60 /* Release */,
			);
			defaultConfigurationIsVisible = 0;
			defaultConfigurationName = Release;
		};
/* End XCConfigurationList section */
	};
	rootObject = 3DEAB7901FCECB56000E7D60 /* Project object */;
}
